
Microsoft Visual Studio Solution File, Format Version 12.00
# Visual Studio Version 17
VisualStudioVersion = 17.3.32825.248
MinimumVisualStudioVersion = 10.0.40219.1
Project("{9A19103F-16F7-4668-BE54-9A1E7A4F7556}") = "App.Api", "App.Api\App.Api.csproj", "{24C5A93C-D13B-46C0-9436-25E3FE058BFA}"
EndProject
Project("{9A19103F-16F7-4668-BE54-9A1E7A4F7556}") = "App.Application", "App.Application\App.Application.csproj", "{947E98E2-7CC7-4C16-9B98-A576A5D83EB9}"
EndProject
Project("{9A19103F-16F7-4668-BE54-9A1E7A4F7556}") = "App.Common", "App.Common\App.Common.csproj", "{FCC8B01E-780B-4CB7-B16F-6C6C96284DCC}"
EndProject
Project("{9A19103F-16F7-4668-BE54-9A1E7A4F7556}") = "App.Domain", "App.Domain\App.Domain.csproj", "{BF453EC0-65FC-4E21-821C-8C6BB4BC25D9}"
EndProject
Project("{9A19103F-16F7-4668-BE54-9A1E7A4F7556}") = "App.Infraestructure", "App.Infraestructure\App.Infraestructure.csproj", "{609B1693-89A4-4E37-A6D8-7AB57312E0E6}"
EndProject
Project("{9A19103F-16F7-4668-BE54-9A1E7A4F7556}") = "App.Persistense", "App.Persistanse\App.Persistense.csproj", "{7824736E-5C9F-45CF-B40A-E1E16CF0850E}"
EndProject
Project("{FAE04EC0-301F-11D3-BF4B-00C04F79EFBC}") = "App.Web", "App.Web\App.Web.csproj", "{BA396837-DAFA-4084-A970-4F82215801D8}"
EndProject
Global
	GlobalSection(SolutionConfigurationPlatforms) = preSolution
		Debug|Any CPU = Debug|Any CPU
		Release|Any CPU = Release|Any CPU
	EndGlobalSection
	GlobalSection(ProjectConfigurationPlatforms) = postSolution
		{24C5A93C-D13B-46C0-9436-25E3FE058BFA}.Debug|Any CPU.ActiveCfg = Debug|Any CPU
		{24C5A93C-D13B-46C0-9436-25E3FE058BFA}.Debug|Any CPU.Build.0 = Debug|Any CPU
		{24C5A93C-D13B-46C0-9436-25E3FE058BFA}.Release|Any CPU.ActiveCfg = Release|Any CPU
		{24C5A93C-D13B-46C0-9436-25E3FE058BFA}.Release|Any CPU.Build.0 = Release|Any CPU
		{947E98E2-7CC7-4C16-9B98-A576A5D83EB9}.Debug|Any CPU.ActiveCfg = Debug|Any CPU
		{947E98E2-7CC7-4C16-9B98-A576A5D83EB9}.Debug|Any CPU.Build.0 = Debug|Any CPU
		{947E98E2-7CC7-4C16-9B98-A576A5D83EB9}.Release|Any CPU.ActiveCfg = Release|Any CPU
		{947E98E2-7CC7-4C16-9B98-A576A5D83EB9}.Release|Any CPU.Build.0 = Release|Any CPU
		{FCC8B01E-780B-4CB7-B16F-6C6C96284DCC}.Debug|Any CPU.ActiveCfg = Debug|Any CPU
		{FCC8B01E-780B-4CB7-B16F-6C6C96284DCC}.Debug|Any CPU.Build.0 = Debug|Any CPU
		{FCC8B01E-780B-4CB7-B16F-6C6C96284DCC}.Release|Any CPU.ActiveCfg = Release|Any CPU
		{FCC8B01E-780B-4CB7-B16F-6C6C96284DCC}.Release|Any CPU.Build.0 = Release|Any CPU
		{BF453EC0-65FC-4E21-821C-8C6BB4BC25D9}.Debug|Any CPU.ActiveCfg = Debug|Any CPU
		{BF453EC0-65FC-4E21-821C-8C6BB4BC25D9}.Debug|Any CPU.Build.0 = Debug|Any CPU
		{BF453EC0-65FC-4E21-821C-8C6BB4BC25D9}.Release|Any CPU.ActiveCfg = Release|Any CPU
		{BF453EC0-65FC-4E21-821C-8C6BB4BC25D9}.Release|Any CPU.Build.0 = Release|Any CPU
		{609B1693-89A4-4E37-A6D8-7AB57312E0E6}.Debug|Any CPU.ActiveCfg = Debug|Any CPU
		{609B1693-89A4-4E37-A6D8-7AB57312E0E6}.Debug|Any CPU.Build.0 = Debug|Any CPU
		{609B1693-89A4-4E37-A6D8-7AB57312E0E6}.Release|Any CPU.ActiveCfg = Release|Any CPU
		{609B1693-89A4-4E37-A6D8-7AB57312E0E6}.Release|Any CPU.Build.0 = Release|Any CPU
		{7824736E-5C9F-45CF-B40A-E1E16CF0850E}.Debug|Any CPU.ActiveCfg = Debug|Any CPU
		{7824736E-5C9F-45CF-B40A-E1E16CF0850E}.Debug|Any CPU.Build.0 = Debug|Any CPU
		{7824736E-5C9F-45CF-B40A-E1E16CF0850E}.Release|Any CPU.ActiveCfg = Release|Any CPU
		{7824736E-5C9F-45CF-B40A-E1E16CF0850E}.Release|Any CPU.Build.0 = Release|Any CPU
		{BA396837-DAFA-4084-A970-4F82215801D8}.Debug|Any CPU.ActiveCfg = Debug|Any CPU
		{BA396837-DAFA-4084-A970-4F82215801D8}.Debug|Any CPU.Build.0 = Debug|Any CPU
		{BA396837-DAFA-4084-A970-4F82215801D8}.Release|Any CPU.ActiveCfg = Release|Any CPU
		{BA396837-DAFA-4084-A970-4F82215801D8}.Release|Any CPU.Build.0 = Release|Any CPU
	EndGlobalSection
	GlobalSection(SolutionProperties) = preSolution
		HideSolutionNode = FALSE
	EndGlobalSection
	GlobalSection(ExtensibilityGlobals) = postSolution
		SolutionGuid = {68A7D18A-07E2-44C4-895B-5FBABF2D5B21}
	EndGlobalSection
EndGlobal
