
Microsoft Visual Studio Solution File, Format Version 12.00
# Visual Studio Version 17
VisualStudioVersion = 17.3.32825.248
MinimumVisualStudioVersion = 10.0.40219.1
Project("{FAE04EC0-301F-11D3-BF4B-00C04F79EFBC}") = "App.Api", "App.Api\App.Api.csproj", "{24C5A93C-D13B-46C0-9436-25E3FE058BFA}"
EndProject
Global
	GlobalSection(SolutionConfigurationPlatforms) = preSolution
		Debug|Any CPU = Debug|Any CPU
		Release|Any CPU = Release|Any CPU
	EndGlobalSection
	GlobalSection(ProjectConfigurationPlatforms) = postSolution
		{24C5A93C-D13B-46C0-9436-25E3FE058BFA}.Debug|Any CPU.ActiveCfg = Debug|Any CPU
		{24C5A93C-D13B-46C0-9436-25E3FE058BFA}.Debug|Any CPU.Build.0 = Debug|Any CPU
		{24C5A93C-D13B-46C0-9436-25E3FE058BFA}.Release|Any CPU.ActiveCfg = Release|Any CPU
		{24C5A93C-D13B-46C0-9436-25E3FE058BFA}.Release|Any CPU.Build.0 = Release|Any CPU
	EndGlobalSection
	GlobalSection(SolutionProperties) = preSolution
		HideSolutionNode = FALSE
	EndGlobalSection
	GlobalSection(ExtensibilityGlobals) = postSolution
		SolutionGuid = {68A7D18A-07E2-44C4-895B-5FBABF2D5B21}
	EndGlobalSection
EndGlobal
